// !$*UTF8*$!
{
	archiveVersion = 1;
	classes = {
	};
	objectVersion = 46;
	objects = {

/* Begin PBXBuildFile section */
		1828D0321F139335004DB326 /* ScribbleKit.framework in Frameworks */ = {isa = PBXBuildFile; fileRef = 1828D0311F139335004DB326 /* ScribbleKit.framework */; };
		1828D0341F1393E7004DB326 /* ScribbleKit.framework in Embed Frameworks */ = {isa = PBXBuildFile; fileRef = 1828D0311F139335004DB326 /* ScribbleKit.framework */; settings = {ATTRIBUTES = (CodeSignOnCopy, RemoveHeadersOnCopy, ); }; };
		1828D0371F13978F004DB326 /* Configuration.swift in Sources */ = {isa = PBXBuildFile; fileRef = 1828D0361F13978F004DB326 /* Configuration.swift */; };
		1828D0381F13978F004DB326 /* Configuration.swift in Sources */ = {isa = PBXBuildFile; fileRef = 1828D0361F13978F004DB326 /* Configuration.swift */; };
		183A32C91F138FEC006E7EB2 /* AppDelegate.swift in Sources */ = {isa = PBXBuildFile; fileRef = 183A32C81F138FEC006E7EB2 /* AppDelegate.swift */; };
		183A32CB1F138FEC006E7EB2 /* ViewController.swift in Sources */ = {isa = PBXBuildFile; fileRef = 183A32CA1F138FEC006E7EB2 /* ViewController.swift */; };
		183A32CE1F138FEC006E7EB2 /* Main.storyboard in Resources */ = {isa = PBXBuildFile; fileRef = 183A32CC1F138FEC006E7EB2 /* Main.storyboard */; };
		183A32D01F138FEC006E7EB2 /* Assets.xcassets in Resources */ = {isa = PBXBuildFile; fileRef = 183A32CF1F138FEC006E7EB2 /* Assets.xcassets */; };
		183A32D31F138FEC006E7EB2 /* LaunchScreen.storyboard in Resources */ = {isa = PBXBuildFile; fileRef = 183A32D11F138FEC006E7EB2 /* LaunchScreen.storyboard */; };
		183A32DE1F138FEC006E7EB2 /* SwiftExampleTests.swift in Sources */ = {isa = PBXBuildFile; fileRef = 183A32DD1F138FEC006E7EB2 /* SwiftExampleTests.swift */; };
/* End PBXBuildFile section */

/* Begin PBXContainerItemProxy section */
		183A32DA1F138FEC006E7EB2 /* PBXContainerItemProxy */ = {
			isa = PBXContainerItemProxy;
			containerPortal = 183A32BD1F138FEC006E7EB2 /* Project object */;
			proxyType = 1;
			remoteGlobalIDString = 183A32C41F138FEC006E7EB2;
			remoteInfo = SwiftExample;
		};
/* End PBXContainerItemProxy section */

/* Begin PBXCopyFilesBuildPhase section */
		1828D0351F1393E7004DB326 /* Embed Frameworks */ = {
			isa = PBXCopyFilesBuildPhase;
			buildActionMask = 2147483647;
			dstPath = "";
			dstSubfolderSpec = 10;
			files = (
				1828D0341F1393E7004DB326 /* ScribbleKit.framework in Embed Frameworks */,
			);
			name = "Embed Frameworks";
			runOnlyForDeploymentPostprocessing = 0;
		};
/* End PBXCopyFilesBuildPhase section */

/* Begin PBXFileReference section */
		1828D0311F139335004DB326 /* ScribbleKit.framework */ = {isa = PBXFileReference; lastKnownFileType = wrapper.framework; name = ScribbleKit.framework; path = SwiftExample/Framework/ScribbleKit.framework; sourceTree = "<group>"; };
		1828D0361F13978F004DB326 /* Configuration.swift */ = {isa = PBXFileReference; fileEncoding = 4; lastKnownFileType = sourcecode.swift; path = Configuration.swift; sourceTree = "<group>"; };
		183A32C51F138FEC006E7EB2 /* SwiftExample.app */ = {isa = PBXFileReference; explicitFileType = wrapper.application; includeInIndex = 0; path = SwiftExample.app; sourceTree = BUILT_PRODUCTS_DIR; };
		183A32C81F138FEC006E7EB2 /* AppDelegate.swift */ = {isa = PBXFileReference; lastKnownFileType = sourcecode.swift; path = AppDelegate.swift; sourceTree = "<group>"; };
		183A32CA1F138FEC006E7EB2 /* ViewController.swift */ = {isa = PBXFileReference; lastKnownFileType = sourcecode.swift; path = ViewController.swift; sourceTree = "<group>"; };
		183A32CD1F138FEC006E7EB2 /* Base */ = {isa = PBXFileReference; lastKnownFileType = file.storyboard; name = Base; path = Base.lproj/Main.storyboard; sourceTree = "<group>"; };
		183A32CF1F138FEC006E7EB2 /* Assets.xcassets */ = {isa = PBXFileReference; lastKnownFileType = folder.assetcatalog; path = Assets.xcassets; sourceTree = "<group>"; };
		183A32D21F138FEC006E7EB2 /* Base */ = {isa = PBXFileReference; lastKnownFileType = file.storyboard; name = Base; path = Base.lproj/LaunchScreen.storyboard; sourceTree = "<group>"; };
		183A32D41F138FEC006E7EB2 /* Info.plist */ = {isa = PBXFileReference; lastKnownFileType = text.plist.xml; path = Info.plist; sourceTree = "<group>"; };
		183A32D91F138FEC006E7EB2 /* SwiftExampleTests.xctest */ = {isa = PBXFileReference; explicitFileType = wrapper.cfbundle; includeInIndex = 0; path = SwiftExampleTests.xctest; sourceTree = BUILT_PRODUCTS_DIR; };
		183A32DD1F138FEC006E7EB2 /* SwiftExampleTests.swift */ = {isa = PBXFileReference; lastKnownFileType = sourcecode.swift; path = SwiftExampleTests.swift; sourceTree = "<group>"; };
		183A32DF1F138FEC006E7EB2 /* Info.plist */ = {isa = PBXFileReference; lastKnownFileType = text.plist.xml; path = Info.plist; sourceTree = "<group>"; };
/* End PBXFileReference section */

/* Begin PBXFrameworksBuildPhase section */
		183A32C21F138FEC006E7EB2 /* Frameworks */ = {
			isa = PBXFrameworksBuildPhase;
			buildActionMask = 2147483647;
			files = (
				1828D0321F139335004DB326 /* ScribbleKit.framework in Frameworks */,
			);
			runOnlyForDeploymentPostprocessing = 0;
		};
		183A32D61F138FEC006E7EB2 /* Frameworks */ = {
			isa = PBXFrameworksBuildPhase;
			buildActionMask = 2147483647;
			files = (
			);
			runOnlyForDeploymentPostprocessing = 0;
		};
/* End PBXFrameworksBuildPhase section */

/* Begin PBXGroup section */
		1828D0301F139334004DB326 /* Frameworks */ = {
			isa = PBXGroup;
			children = (
				1828D0311F139335004DB326 /* ScribbleKit.framework */,
			);
			name = Frameworks;
			sourceTree = "<group>";
		};
		183A32BC1F138FEC006E7EB2 = {
			isa = PBXGroup;
			children = (
				183A32C71F138FEC006E7EB2 /* SwiftExample */,
				183A32DC1F138FEC006E7EB2 /* SwiftExampleTests */,
				183A32C61F138FEC006E7EB2 /* Products */,
				1828D0301F139334004DB326 /* Frameworks */,
			);
			sourceTree = "<group>";
		};
		183A32C61F138FEC006E7EB2 /* Products */ = {
			isa = PBXGroup;
			children = (
				183A32C51F138FEC006E7EB2 /* SwiftExample.app */,
				183A32D91F138FEC006E7EB2 /* SwiftExampleTests.xctest */,
			);
			name = Products;
			sourceTree = "<group>";
		};
		183A32C71F138FEC006E7EB2 /* SwiftExample */ = {
			isa = PBXGroup;
			children = (
				1828D0361F13978F004DB326 /* Configuration.swift */,
				183A32C81F138FEC006E7EB2 /* AppDelegate.swift */,
				183A32CA1F138FEC006E7EB2 /* ViewController.swift */,
				183A32CC1F138FEC006E7EB2 /* Main.storyboard */,
				183A32CF1F138FEC006E7EB2 /* Assets.xcassets */,
				183A32D11F138FEC006E7EB2 /* LaunchScreen.storyboard */,
				183A32D41F138FEC006E7EB2 /* Info.plist */,
			);
			path = SwiftExample;
			sourceTree = "<group>";
		};
		183A32DC1F138FEC006E7EB2 /* SwiftExampleTests */ = {
			isa = PBXGroup;
			children = (
				183A32DD1F138FEC006E7EB2 /* SwiftExampleTests.swift */,
				183A32DF1F138FEC006E7EB2 /* Info.plist */,
			);
			path = SwiftExampleTests;
			sourceTree = "<group>";
		};
/* End PBXGroup section */

/* Begin PBXNativeTarget section */
		183A32C41F138FEC006E7EB2 /* SwiftExample */ = {
			isa = PBXNativeTarget;
			buildConfigurationList = 183A32E21F138FEC006E7EB2 /* Build configuration list for PBXNativeTarget "SwiftExample" */;
			buildPhases = (
				183A32C11F138FEC006E7EB2 /* Sources */,
				183A32C21F138FEC006E7EB2 /* Frameworks */,
				183A32C31F138FEC006E7EB2 /* Resources */,
				1828D0351F1393E7004DB326 /* Embed Frameworks */,
			);
			buildRules = (
			);
			dependencies = (
			);
			name = SwiftExample;
			productName = SwiftExample;
			productReference = 183A32C51F138FEC006E7EB2 /* SwiftExample.app */;
			productType = "com.apple.product-type.application";
		};
		183A32D81F138FEC006E7EB2 /* SwiftExampleTests */ = {
			isa = PBXNativeTarget;
			buildConfigurationList = 183A32E51F138FEC006E7EB2 /* Build configuration list for PBXNativeTarget "SwiftExampleTests" */;
			buildPhases = (
				183A32D51F138FEC006E7EB2 /* Sources */,
				183A32D61F138FEC006E7EB2 /* Frameworks */,
				183A32D71F138FEC006E7EB2 /* Resources */,
			);
			buildRules = (
			);
			dependencies = (
				183A32DB1F138FEC006E7EB2 /* PBXTargetDependency */,
			);
			name = SwiftExampleTests;
			productName = SwiftExampleTests;
			productReference = 183A32D91F138FEC006E7EB2 /* SwiftExampleTests.xctest */;
			productType = "com.apple.product-type.bundle.unit-test";
		};
/* End PBXNativeTarget section */

/* Begin PBXProject section */
		183A32BD1F138FEC006E7EB2 /* Project object */ = {
			isa = PBXProject;
			attributes = {
				LastSwiftUpdateCheck = 0830;
				LastUpgradeCheck = 0830;
				ORGANIZATIONNAME = Architect;
				TargetAttributes = {
					183A32C41F138FEC006E7EB2 = {
						CreatedOnToolsVersion = 8.3.3;
						DevelopmentTeam = ZTN85WA84V;
						ProvisioningStyle = Automatic;
					};
					183A32D81F138FEC006E7EB2 = {
						CreatedOnToolsVersion = 8.3.3;
						DevelopmentTeam = ZTN85WA84V;
						ProvisioningStyle = Automatic;
						TestTargetID = 183A32C41F138FEC006E7EB2;
					};
				};
			};
			buildConfigurationList = 183A32C01F138FEC006E7EB2 /* Build configuration list for PBXProject "SwiftExample" */;
			compatibilityVersion = "Xcode 3.2";
			developmentRegion = English;
			hasScannedForEncodings = 0;
			knownRegions = (
				en,
				Base,
			);
			mainGroup = 183A32BC1F138FEC006E7EB2;
			productRefGroup = 183A32C61F138FEC006E7EB2 /* Products */;
			projectDirPath = "";
			projectRoot = "";
			targets = (
				183A32C41F138FEC006E7EB2 /* SwiftExample */,
				183A32D81F138FEC006E7EB2 /* SwiftExampleTests */,
			);
		};
/* End PBXProject section */

/* Begin PBXResourcesBuildPhase section */
		183A32C31F138FEC006E7EB2 /* Resources */ = {
			isa = PBXResourcesBuildPhase;
			buildActionMask = 2147483647;
			files = (
				183A32D31F138FEC006E7EB2 /* LaunchScreen.storyboard in Resources */,
				183A32D01F138FEC006E7EB2 /* Assets.xcassets in Resources */,
				183A32CE1F138FEC006E7EB2 /* Main.storyboard in Resources */,
			);
			runOnlyForDeploymentPostprocessing = 0;
		};
		183A32D71F138FEC006E7EB2 /* Resources */ = {
			isa = PBXResourcesBuildPhase;
			buildActionMask = 2147483647;
			files = (
			);
			runOnlyForDeploymentPostprocessing = 0;
		};
/* End PBXResourcesBuildPhase section */

/* Begin PBXSourcesBuildPhase section */
		183A32C11F138FEC006E7EB2 /* Sources */ = {
			isa = PBXSourcesBuildPhase;
			buildActionMask = 2147483647;
			files = (
				1828D0371F13978F004DB326 /* Configuration.swift in Sources */,
				183A32CB1F138FEC006E7EB2 /* ViewController.swift in Sources */,
				183A32C91F138FEC006E7EB2 /* AppDelegate.swift in Sources */,
			);
			runOnlyForDeploymentPostprocessing = 0;
		};
		183A32D51F138FEC006E7EB2 /* Sources */ = {
			isa = PBXSourcesBuildPhase;
			buildActionMask = 2147483647;
			files = (
				1828D0381F13978F004DB326 /* Configuration.swift in Sources */,
				183A32DE1F138FEC006E7EB2 /* SwiftExampleTests.swift in Sources */,
			);
			runOnlyForDeploymentPostprocessing = 0;
		};
/* End PBXSourcesBuildPhase section */

/* Begin PBXTargetDependency section */
		183A32DB1F138FEC006E7EB2 /* PBXTargetDependency */ = {
			isa = PBXTargetDependency;
			target = 183A32C41F138FEC006E7EB2 /* SwiftExample */;
			targetProxy = 183A32DA1F138FEC006E7EB2 /* PBXContainerItemProxy */;
		};
/* End PBXTargetDependency section */

/* Begin PBXVariantGroup section */
		183A32CC1F138FEC006E7EB2 /* Main.storyboard */ = {
			isa = PBXVariantGroup;
			children = (
				183A32CD1F138FEC006E7EB2 /* Base */,
			);
			name = Main.storyboard;
			sourceTree = "<group>";
		};
		183A32D11F138FEC006E7EB2 /* LaunchScreen.storyboard */ = {
			isa = PBXVariantGroup;
			children = (
				183A32D21F138FEC006E7EB2 /* Base */,
			);
			name = LaunchScreen.storyboard;
			sourceTree = "<group>";
		};
/* End PBXVariantGroup section */

/* Begin XCBuildConfiguration section */
		183A32E01F138FEC006E7EB2 /* Debug */ = {
			isa = XCBuildConfiguration;
			buildSettings = {
				ALWAYS_SEARCH_USER_PATHS = NO;
				CLANG_ANALYZER_NONNULL = YES;
				CLANG_ANALYZER_NUMBER_OBJECT_CONVERSION = YES_AGGRESSIVE;
				CLANG_CXX_LANGUAGE_STANDARD = "gnu++0x";
				CLANG_CXX_LIBRARY = "libc++";
				CLANG_ENABLE_MODULES = YES;
				CLANG_ENABLE_OBJC_ARC = YES;
				CLANG_WARN_BOOL_CONVERSION = YES;
				CLANG_WARN_CONSTANT_CONVERSION = YES;
				CLANG_WARN_DIRECT_OBJC_ISA_USAGE = YES_ERROR;
				CLANG_WARN_DOCUMENTATION_COMMENTS = YES;
				CLANG_WARN_EMPTY_BODY = YES;
				CLANG_WARN_ENUM_CONVERSION = YES;
				CLANG_WARN_INFINITE_RECURSION = YES;
				CLANG_WARN_INT_CONVERSION = YES;
				CLANG_WARN_OBJC_ROOT_CLASS = YES_ERROR;
				CLANG_WARN_SUSPICIOUS_MOVE = YES;
				CLANG_WARN_UNREACHABLE_CODE = YES;
				CLANG_WARN__DUPLICATE_METHOD_MATCH = YES;
				"CODE_SIGN_IDENTITY[sdk=iphoneos*]" = "iPhone Developer";
				COPY_PHASE_STRIP = NO;
				DEBUG_INFORMATION_FORMAT = dwarf;
				ENABLE_STRICT_OBJC_MSGSEND = YES;
				ENABLE_TESTABILITY = YES;
				GCC_C_LANGUAGE_STANDARD = gnu99;
				GCC_DYNAMIC_NO_PIC = NO;
				GCC_NO_COMMON_BLOCKS = YES;
				GCC_OPTIMIZATION_LEVEL = 0;
				GCC_PREPROCESSOR_DEFINITIONS = (
					"DEBUG=1",
					"$(inherited)",
				);
				GCC_WARN_64_TO_32_BIT_CONVERSION = YES;
				GCC_WARN_ABOUT_RETURN_TYPE = YES_ERROR;
				GCC_WARN_UNDECLARED_SELECTOR = YES;
				GCC_WARN_UNINITIALIZED_AUTOS = YES_AGGRESSIVE;
				GCC_WARN_UNUSED_FUNCTION = YES;
				GCC_WARN_UNUSED_VARIABLE = YES;
				IPHONEOS_DEPLOYMENT_TARGET = 10.3;
				MTL_ENABLE_DEBUG_INFO = YES;
				ONLY_ACTIVE_ARCH = YES;
				SDKROOT = iphoneos;
				SWIFT_ACTIVE_COMPILATION_CONDITIONS = DEBUG;
				SWIFT_OPTIMIZATION_LEVEL = "-Onone";
				TARGETED_DEVICE_FAMILY = "1,2";
			};
			name = Debug;
		};
		183A32E11F138FEC006E7EB2 /* Release */ = {
			isa = XCBuildConfiguration;
			buildSettings = {
				ALWAYS_SEARCH_USER_PATHS = NO;
				CLANG_ANALYZER_NONNULL = YES;
				CLANG_ANALYZER_NUMBER_OBJECT_CONVERSION = YES_AGGRESSIVE;
				CLANG_CXX_LANGUAGE_STANDARD = "gnu++0x";
				CLANG_CXX_LIBRARY = "libc++";
				CLANG_ENABLE_MODULES = YES;
				CLANG_ENABLE_OBJC_ARC = YES;
				CLANG_WARN_BOOL_CONVERSION = YES;
				CLANG_WARN_CONSTANT_CONVERSION = YES;
				CLANG_WARN_DIRECT_OBJC_ISA_USAGE = YES_ERROR;
				CLANG_WARN_DOCUMENTATION_COMMENTS = YES;
				CLANG_WARN_EMPTY_BODY = YES;
				CLANG_WARN_ENUM_CONVERSION = YES;
				CLANG_WARN_INFINITE_RECURSION = YES;
				CLANG_WARN_INT_CONVERSION = YES;
				CLANG_WARN_OBJC_ROOT_CLASS = YES_ERROR;
				CLANG_WARN_SUSPICIOUS_MOVE = YES;
				CLANG_WARN_UNREACHABLE_CODE = YES;
				CLANG_WARN__DUPLICATE_METHOD_MATCH = YES;
				"CODE_SIGN_IDENTITY[sdk=iphoneos*]" = "iPhone Developer";
				COPY_PHASE_STRIP = NO;
				DEBUG_INFORMATION_FORMAT = "dwarf-with-dsym";
				ENABLE_NS_ASSERTIONS = NO;
				ENABLE_STRICT_OBJC_MSGSEND = YES;
				GCC_C_LANGUAGE_STANDARD = gnu99;
				GCC_NO_COMMON_BLOCKS = YES;
				GCC_WARN_64_TO_32_BIT_CONVERSION = YES;
				GCC_WARN_ABOUT_RETURN_TYPE = YES_ERROR;
				GCC_WARN_UNDECLARED_SELECTOR = YES;
				GCC_WARN_UNINITIALIZED_AUTOS = YES_AGGRESSIVE;
				GCC_WARN_UNUSED_FUNCTION = YES;
				GCC_WARN_UNUSED_VARIABLE = YES;
				IPHONEOS_DEPLOYMENT_TARGET = 10.3;
				MTL_ENABLE_DEBUG_INFO = NO;
				SDKROOT = iphoneos;
				SWIFT_OPTIMIZATION_LEVEL = "-Owholemodule";
				TARGETED_DEVICE_FAMILY = "1,2";
				VALIDATE_PRODUCT = YES;
			};
			name = Release;
		};
		183A32E31F138FEC006E7EB2 /* Debug */ = {
			isa = XCBuildConfiguration;
			buildSettings = {
				ASSETCATALOG_COMPILER_APPICON_NAME = AppIcon;
				DEVELOPMENT_TEAM = ZTN85WA84V;
				FRAMEWORK_SEARCH_PATHS = (
					"$(inherited)",
					"$(PROJECT_DIR)/SwiftExample/Framework",
				);
				INFOPLIST_FILE = SwiftExample/Info.plist;
				LD_RUNPATH_SEARCH_PATHS = "$(inherited) @executable_path/Frameworks";
				PRODUCT_BUNDLE_IDENTIFIER = com.seattledevlabs.SwiftExample;
				PRODUCT_NAME = "$(TARGET_NAME)";
				SWIFT_VERSION = 3.0;
			};
			name = Debug;
		};
		183A32E41F138FEC006E7EB2 /* Release */ = {
			isa = XCBuildConfiguration;
			buildSettings = {
				ASSETCATALOG_COMPILER_APPICON_NAME = AppIcon;
				DEVELOPMENT_TEAM = ZTN85WA84V;
				FRAMEWORK_SEARCH_PATHS = (
					"$(inherited)",
					"$(PROJECT_DIR)/SwiftExample/Framework",
				);
				INFOPLIST_FILE = SwiftExample/Info.plist;
				LD_RUNPATH_SEARCH_PATHS = "$(inherited) @executable_path/Frameworks";
				PRODUCT_BUNDLE_IDENTIFIER = com.seattledevlabs.SwiftExample;
				PRODUCT_NAME = "$(TARGET_NAME)";
				SWIFT_VERSION = 3.0;
			};
			name = Release;
		};
		183A32E61F138FEC006E7EB2 /* Debug */ = {
			isa = XCBuildConfiguration;
			buildSettings = {
				ALWAYS_EMBED_SWIFT_STANDARD_LIBRARIES = YES;
				BUNDLE_LOADER = "$(TEST_HOST)";
				DEVELOPMENT_TEAM = ZTN85WA84V;
				INFOPLIST_FILE = SwiftExampleTests/Info.plist;
				LD_RUNPATH_SEARCH_PATHS = "$(inherited) @executable_path/Frameworks @loader_path/Frameworks";
				PRODUCT_BUNDLE_IDENTIFIER = com.seattledevlabs.SwiftExampleTests;
				PRODUCT_NAME = "$(TARGET_NAME)";
				SWIFT_VERSION = 3.0;
				TEST_HOST = "$(BUILT_PRODUCTS_DIR)/SwiftExample.app/SwiftExample";
			};
			name = Debug;
		};
		183A32E71F138FEC006E7EB2 /* Release */ = {
			isa = XCBuildConfiguration;
			buildSettings = {
				ALWAYS_EMBED_SWIFT_STANDARD_LIBRARIES = YES;
				BUNDLE_LOADER = "$(TEST_HOST)";
				DEVELOPMENT_TEAM = ZTN85WA84V;
				INFOPLIST_FILE = SwiftExampleTests/Info.plist;
				LD_RUNPATH_SEARCH_PATHS = "$(inherited) @executable_path/Frameworks @loader_path/Frameworks";
				PRODUCT_BUNDLE_IDENTIFIER = com.seattledevlabs.SwiftExampleTests;
				PRODUCT_NAME = "$(TARGET_NAME)";
				SWIFT_VERSION = 3.0;
				TEST_HOST = "$(BUILT_PRODUCTS_DIR)/SwiftExample.app/SwiftExample";
			};
			name = Release;
		};
/* End XCBuildConfiguration section */

/* Begin XCConfigurationList section */
		183A32C01F138FEC006E7EB2 /* Build configuration list for PBXProject "SwiftExample" */ = {
			isa = XCConfigurationList;
			buildConfigurations = (
				183A32E01F138FEC006E7EB2 /* Debug */,
				183A32E11F138FEC006E7EB2 /* Release */,
			);
			defaultConfigurationIsVisible = 0;
			defaultConfigurationName = Release;
		};
		183A32E21F138FEC006E7EB2 /* Build configuration list for PBXNativeTarget "SwiftExample" */ = {
			isa = XCConfigurationList;
			buildConfigurations = (
				183A32E31F138FEC006E7EB2 /* Debug */,
				183A32E41F138FEC006E7EB2 /* Release */,
			);
			defaultConfigurationIsVisible = 0;
			defaultConfigurationName = Release;
		};
		183A32E51F138FEC006E7EB2 /* Build configuration list for PBXNativeTarget "SwiftExampleTests" */ = {
			isa = XCConfigurationList;
			buildConfigurations = (
				183A32E61F138FEC006E7EB2 /* Debug */,
				183A32E71F138FEC006E7EB2 /* Release */,
			);
			defaultConfigurationIsVisible = 0;
			defaultConfigurationName = Release;
		};
/* End XCConfigurationList section */
	};
	rootObject = 183A32BD1F138FEC006E7EB2 /* Project object */;
}
